
Microsoft Visual Studio Solution File, Format Version 12.00
Project("{2150E333-8FDC-42A3-9474-1A3956D46DE8}") = "Core", "Core", "{1E755982-33F5-4E7D-8F1B-318A6528FF41}"
EndProject
Project("{2150E333-8FDC-42A3-9474-1A3956D46DE8}") = "Infrastructure", "Infrastructure", "{8B8408C5-15AE-47D8-8105-A62B02A0C1AF}"
EndProject
Project("{2150E333-8FDC-42A3-9474-1A3956D46DE8}") = "Presentation", "Presentation", "{AEB7B730-CDD3-44EF-A431-9571E37F3156}"
EndProject
Project("{2150E333-8FDC-42A3-9474-1A3956D46DE8}") = "Test", "Test", "{03C586A3-5468-427A-9A69-F7FDDC322619}"
EndProject
Project("{FAE04EC0-301F-11D3-BF4B-00C04F79EFBC}") = "EmployeeManager.Persistence", "EmployeeManager.Persistence\EmployeeManager.Persistence.csproj", "{8C723CD8-42C9-4D30-98CB-CE233B9BEF54}"
EndProject
Project("{FAE04EC0-301F-11D3-BF4B-00C04F79EFBC}") = "EmployeeManager.Domain", "EmployeeManager.Domain\EmployeeManager.Domain.csproj", "{5F7FB0E2-EE7F-4FE3-93CE-EB5AC758635B}"
EndProject
Global
	GlobalSection(SolutionConfigurationPlatforms) = preSolution
		Debug|Any CPU = Debug|Any CPU
		Release|Any CPU = Release|Any CPU
	EndGlobalSection
	GlobalSection(NestedProjects) = preSolution
		{8C723CD8-42C9-4D30-98CB-CE233B9BEF54} = {8B8408C5-15AE-47D8-8105-A62B02A0C1AF}
		{5F7FB0E2-EE7F-4FE3-93CE-EB5AC758635B} = {1E755982-33F5-4E7D-8F1B-318A6528FF41}
	EndGlobalSection
	GlobalSection(ProjectConfigurationPlatforms) = postSolution
		{8C723CD8-42C9-4D30-98CB-CE233B9BEF54}.Debug|Any CPU.ActiveCfg = Debug|Any CPU
		{8C723CD8-42C9-4D30-98CB-CE233B9BEF54}.Debug|Any CPU.Build.0 = Debug|Any CPU
		{8C723CD8-42C9-4D30-98CB-CE233B9BEF54}.Release|Any CPU.ActiveCfg = Release|Any CPU
		{8C723CD8-42C9-4D30-98CB-CE233B9BEF54}.Release|Any CPU.Build.0 = Release|Any CPU
		{5F7FB0E2-EE7F-4FE3-93CE-EB5AC758635B}.Debug|Any CPU.ActiveCfg = Debug|Any CPU
		{5F7FB0E2-EE7F-4FE3-93CE-EB5AC758635B}.Debug|Any CPU.Build.0 = Debug|Any CPU
		{5F7FB0E2-EE7F-4FE3-93CE-EB5AC758635B}.Release|Any CPU.ActiveCfg = Release|Any CPU
		{5F7FB0E2-EE7F-4FE3-93CE-EB5AC758635B}.Release|Any CPU.Build.0 = Release|Any CPU
	EndGlobalSection
EndGlobal
